
Microsoft Visual Studio Solution File, Format Version 12.00
# Visual Studio 14
VisualStudioVersion = 14.0.25123.0
MinimumVisualStudioVersion = 10.0.40219.1
Project("{FAE04EC0-301F-11D3-BF4B-00C04F79EFBC}") = "лице_на_квадрат", "лице_на_квадрат\лице_на_квадрат.csproj", "{3115E557-A7B1-41E4-86A9-1D797CF02371}"
EndProject
Project("{FAE04EC0-301F-11D3-BF4B-00C04F79EFBC}") = "InchesToSantimeters", "InchesToSantimeters\InchesToSantimeters.csproj", "{48727086-CD97-43A4-8928-C7C9D215E151}"
EndProject
Project("{FAE04EC0-301F-11D3-BF4B-00C04F79EFBC}") = "HalloName", "HalloName\HalloName.csproj", "{1AA9566B-A151-4AD1-B62C-F8FFC345C9FF}"
EndProject
Project("{FAE04EC0-301F-11D3-BF4B-00C04F79EFBC}") = "TextAndNumbers", "TextAndNumbers\TextAndNumbers.csproj", "{2CBFC394-FBDA-4B8E-8755-476EEB7644C0}"
EndProject
Project("{FAE04EC0-301F-11D3-BF4B-00C04F79EFBC}") = "trapezeArea", "trapezeArea\trapezeArea.csproj", "{5052B8F1-2E5F-4ECC-A31D-4DEFFD6E5890}"
EndProject
Project("{FAE04EC0-301F-11D3-BF4B-00C04F79EFBC}") = "CIrcleArea", "CIrcleArea\CIrcleArea.csproj", "{2DAD1C60-0DB1-4FF2-8C00-B89092F304DF}"
EndProject
Project("{FAE04EC0-301F-11D3-BF4B-00C04F79EFBC}") = "RectangleArea", "RectangleArea\RectangleArea.csproj", "{2D64C8BE-0F13-4C5B-9287-ABD8F92E8AC3}"
EndProject
Project("{FAE04EC0-301F-11D3-BF4B-00C04F79EFBC}") = "BGN-to-EUR-Converter", "BGN-to-EUR-Converter\BGN-to-EUR-Converter.csproj", "{79537B85-BAD0-4AFA-80DA-5E2F5A3C4AEC}"
EndProject
Project("{FAE04EC0-301F-11D3-BF4B-00C04F79EFBC}") = "TriangleArea", "TriangleArea\TriangleArea.csproj", "{1BCF63D0-E1CE-4FCE-B077-7451E67B1CB1}"
EndProject
Project("{FAE04EC0-301F-11D3-BF4B-00C04F79EFBC}") = "radiansToDegrees", "radiansToDegrees\radiansToDegrees.csproj", "{CB8A7FF0-AF10-4AAF-8D31-9D5785C582A7}"
EndProject
Project("{FAE04EC0-301F-11D3-BF4B-00C04F79EFBC}") = "CurrencyConverter", "CurrencyConverter\CurrencyConverter.csproj", "{D345C214-707D-44CB-81D1-B2D14A38E838}"
EndProject
Project("{FAE04EC0-301F-11D3-BF4B-00C04F79EFBC}") = "1000DaysInTheFuture", "1000DaysInTheFuture\1000DaysInTheFuture.csproj", "{6B5A6DDA-A6FD-4276-A03A-4EB5DDFFB364}"
EndProject
Project("{FAE04EC0-301F-11D3-BF4B-00C04F79EFBC}") = "CatchTheButton", "WindowsFormsApplication1\CatchTheButton.csproj", "{A4763272-6EF1-4195-8B0C-3A345AB8C202}"
EndProject
Project("{FAE04EC0-301F-11D3-BF4B-00C04F79EFBC}") = "УчебнаЗала", "УчебнаЗала\УчебнаЗала.csproj", "{86B148FB-CE26-404F-93EB-FB815708AA08}"
EndProject
Project("{FAE04EC0-301F-11D3-BF4B-00C04F79EFBC}") = "GroceryStore", "GroceryStore\GroceryStore.csproj", "{BA10167C-B5A4-4825-9597-05DD03433C2C}"
EndProject
Project("{FAE04EC0-301F-11D3-BF4B-00C04F79EFBC}") = "FixingTiles", "FixingTiles\FixingTiles.csproj", "{E12F9959-ED3A-4337-8D13-C6784ACA38E7}"
EndProject
Global
	GlobalSection(SolutionConfigurationPlatforms) = preSolution
		Debug|Any CPU = Debug|Any CPU
		Release|Any CPU = Release|Any CPU
	EndGlobalSection
	GlobalSection(ProjectConfigurationPlatforms) = postSolution
		{3115E557-A7B1-41E4-86A9-1D797CF02371}.Debug|Any CPU.ActiveCfg = Debug|Any CPU
		{3115E557-A7B1-41E4-86A9-1D797CF02371}.Debug|Any CPU.Build.0 = Debug|Any CPU
		{3115E557-A7B1-41E4-86A9-1D797CF02371}.Release|Any CPU.ActiveCfg = Release|Any CPU
		{3115E557-A7B1-41E4-86A9-1D797CF02371}.Release|Any CPU.Build.0 = Release|Any CPU
		{48727086-CD97-43A4-8928-C7C9D215E151}.Debug|Any CPU.ActiveCfg = Debug|Any CPU
		{48727086-CD97-43A4-8928-C7C9D215E151}.Debug|Any CPU.Build.0 = Debug|Any CPU
		{48727086-CD97-43A4-8928-C7C9D215E151}.Release|Any CPU.ActiveCfg = Release|Any CPU
		{48727086-CD97-43A4-8928-C7C9D215E151}.Release|Any CPU.Build.0 = Release|Any CPU
		{1AA9566B-A151-4AD1-B62C-F8FFC345C9FF}.Debug|Any CPU.ActiveCfg = Debug|Any CPU
		{1AA9566B-A151-4AD1-B62C-F8FFC345C9FF}.Debug|Any CPU.Build.0 = Debug|Any CPU
		{1AA9566B-A151-4AD1-B62C-F8FFC345C9FF}.Release|Any CPU.ActiveCfg = Release|Any CPU
		{1AA9566B-A151-4AD1-B62C-F8FFC345C9FF}.Release|Any CPU.Build.0 = Release|Any CPU
		{2CBFC394-FBDA-4B8E-8755-476EEB7644C0}.Debug|Any CPU.ActiveCfg = Debug|Any CPU
		{2CBFC394-FBDA-4B8E-8755-476EEB7644C0}.Debug|Any CPU.Build.0 = Debug|Any CPU
		{2CBFC394-FBDA-4B8E-8755-476EEB7644C0}.Release|Any CPU.ActiveCfg = Release|Any CPU
		{2CBFC394-FBDA-4B8E-8755-476EEB7644C0}.Release|Any CPU.Build.0 = Release|Any CPU
		{5052B8F1-2E5F-4ECC-A31D-4DEFFD6E5890}.Debug|Any CPU.ActiveCfg = Debug|Any CPU
		{5052B8F1-2E5F-4ECC-A31D-4DEFFD6E5890}.Debug|Any CPU.Build.0 = Debug|Any CPU
		{5052B8F1-2E5F-4ECC-A31D-4DEFFD6E5890}.Release|Any CPU.ActiveCfg = Release|Any CPU
		{5052B8F1-2E5F-4ECC-A31D-4DEFFD6E5890}.Release|Any CPU.Build.0 = Release|Any CPU
		{2DAD1C60-0DB1-4FF2-8C00-B89092F304DF}.Debug|Any CPU.ActiveCfg = Debug|Any CPU
		{2DAD1C60-0DB1-4FF2-8C00-B89092F304DF}.Debug|Any CPU.Build.0 = Debug|Any CPU
		{2DAD1C60-0DB1-4FF2-8C00-B89092F304DF}.Release|Any CPU.ActiveCfg = Release|Any CPU
		{2DAD1C60-0DB1-4FF2-8C00-B89092F304DF}.Release|Any CPU.Build.0 = Release|Any CPU
		{2D64C8BE-0F13-4C5B-9287-ABD8F92E8AC3}.Debug|Any CPU.ActiveCfg = Debug|Any CPU
		{2D64C8BE-0F13-4C5B-9287-ABD8F92E8AC3}.Debug|Any CPU.Build.0 = Debug|Any CPU
		{2D64C8BE-0F13-4C5B-9287-ABD8F92E8AC3}.Release|Any CPU.ActiveCfg = Release|Any CPU
		{2D64C8BE-0F13-4C5B-9287-ABD8F92E8AC3}.Release|Any CPU.Build.0 = Release|Any CPU
		{79537B85-BAD0-4AFA-80DA-5E2F5A3C4AEC}.Debug|Any CPU.ActiveCfg = Debug|Any CPU
		{79537B85-BAD0-4AFA-80DA-5E2F5A3C4AEC}.Debug|Any CPU.Build.0 = Debug|Any CPU
		{79537B85-BAD0-4AFA-80DA-5E2F5A3C4AEC}.Release|Any CPU.ActiveCfg = Release|Any CPU
		{79537B85-BAD0-4AFA-80DA-5E2F5A3C4AEC}.Release|Any CPU.Build.0 = Release|Any CPU
		{1BCF63D0-E1CE-4FCE-B077-7451E67B1CB1}.Debug|Any CPU.ActiveCfg = Debug|Any CPU
		{1BCF63D0-E1CE-4FCE-B077-7451E67B1CB1}.Debug|Any CPU.Build.0 = Debug|Any CPU
		{1BCF63D0-E1CE-4FCE-B077-7451E67B1CB1}.Release|Any CPU.ActiveCfg = Release|Any CPU
		{1BCF63D0-E1CE-4FCE-B077-7451E67B1CB1}.Release|Any CPU.Build.0 = Release|Any CPU
		{CB8A7FF0-AF10-4AAF-8D31-9D5785C582A7}.Debug|Any CPU.ActiveCfg = Debug|Any CPU
		{CB8A7FF0-AF10-4AAF-8D31-9D5785C582A7}.Debug|Any CPU.Build.0 = Debug|Any CPU
		{CB8A7FF0-AF10-4AAF-8D31-9D5785C582A7}.Release|Any CPU.ActiveCfg = Release|Any CPU
		{CB8A7FF0-AF10-4AAF-8D31-9D5785C582A7}.Release|Any CPU.Build.0 = Release|Any CPU
		{D345C214-707D-44CB-81D1-B2D14A38E838}.Debug|Any CPU.ActiveCfg = Debug|Any CPU
		{D345C214-707D-44CB-81D1-B2D14A38E838}.Debug|Any CPU.Build.0 = Debug|Any CPU
		{D345C214-707D-44CB-81D1-B2D14A38E838}.Release|Any CPU.ActiveCfg = Release|Any CPU
		{D345C214-707D-44CB-81D1-B2D14A38E838}.Release|Any CPU.Build.0 = Release|Any CPU
		{6B5A6DDA-A6FD-4276-A03A-4EB5DDFFB364}.Debug|Any CPU.ActiveCfg = Debug|Any CPU
		{6B5A6DDA-A6FD-4276-A03A-4EB5DDFFB364}.Debug|Any CPU.Build.0 = Debug|Any CPU
		{6B5A6DDA-A6FD-4276-A03A-4EB5DDFFB364}.Release|Any CPU.ActiveCfg = Release|Any CPU
		{6B5A6DDA-A6FD-4276-A03A-4EB5DDFFB364}.Release|Any CPU.Build.0 = Release|Any CPU
		{A4763272-6EF1-4195-8B0C-3A345AB8C202}.Debug|Any CPU.ActiveCfg = Debug|Any CPU
		{A4763272-6EF1-4195-8B0C-3A345AB8C202}.Debug|Any CPU.Build.0 = Debug|Any CPU
		{A4763272-6EF1-4195-8B0C-3A345AB8C202}.Release|Any CPU.ActiveCfg = Release|Any CPU
		{A4763272-6EF1-4195-8B0C-3A345AB8C202}.Release|Any CPU.Build.0 = Release|Any CPU
		{86B148FB-CE26-404F-93EB-FB815708AA08}.Debug|Any CPU.ActiveCfg = Debug|Any CPU
		{86B148FB-CE26-404F-93EB-FB815708AA08}.Debug|Any CPU.Build.0 = Debug|Any CPU
		{86B148FB-CE26-404F-93EB-FB815708AA08}.Release|Any CPU.ActiveCfg = Release|Any CPU
		{86B148FB-CE26-404F-93EB-FB815708AA08}.Release|Any CPU.Build.0 = Release|Any CPU
		{BA10167C-B5A4-4825-9597-05DD03433C2C}.Debug|Any CPU.ActiveCfg = Debug|Any CPU
		{BA10167C-B5A4-4825-9597-05DD03433C2C}.Debug|Any CPU.Build.0 = Debug|Any CPU
		{BA10167C-B5A4-4825-9597-05DD03433C2C}.Release|Any CPU.ActiveCfg = Release|Any CPU
		{BA10167C-B5A4-4825-9597-05DD03433C2C}.Release|Any CPU.Build.0 = Release|Any CPU
		{E12F9959-ED3A-4337-8D13-C6784ACA38E7}.Debug|Any CPU.ActiveCfg = Debug|Any CPU
		{E12F9959-ED3A-4337-8D13-C6784ACA38E7}.Debug|Any CPU.Build.0 = Debug|Any CPU
		{E12F9959-ED3A-4337-8D13-C6784ACA38E7}.Release|Any CPU.ActiveCfg = Release|Any CPU
		{E12F9959-ED3A-4337-8D13-C6784ACA38E7}.Release|Any CPU.Build.0 = Release|Any CPU
	EndGlobalSection
	GlobalSection(SolutionProperties) = preSolution
		HideSolutionNode = FALSE
	EndGlobalSection
EndGlobal
